
Microsoft Visual Studio Solution File, Format Version 12.00
# Visual Studio Version 16
VisualStudioVersion = 16.0.33328.57
MinimumVisualStudioVersion = 10.0.40219.1
Project("{FAE04EC0-301F-11D3-BF4B-00C04F79EFBC}") = "SpectrometerStageControlWpf", "SpectrometerStageControlWpf.csproj", "{B1C6F3FA-712D-4AC8-8113-157DF2FD9825}"
	ProjectSection(ProjectDependencies) = postProject
		{546D9E1E-3B53-4CFB-9BAE-F621BCAA41AF} = {546D9E1E-3B53-4CFB-9BAE-F621BCAA41AF}
		{117F1160-81BF-42CD-B48C-E73BEC059B30} = {117F1160-81BF-42CD-B48C-E73BEC059B30}
	EndProjectSection
EndProject
Project("{FAE04EC0-301F-11D3-BF4B-00C04F79EFBC}") = "OpenControls.Wpf.Utilities", "..\OpenControls.Wpf.Utilities\OpenControls.Wpf.Utilities.csproj", "{117F1160-81BF-42CD-B48C-E73BEC059B30}"
EndProject
Project("{FAE04EC0-301F-11D3-BF4B-00C04F79EFBC}") = "OpenControls.Wpf.SurfacePlot", "..\OpenControls.Wpf.SurfacePlot\OpenControls.Wpf.SurfacePlot.csproj", "{546D9E1E-3B53-4CFB-9BAE-F621BCAA41AF}"
EndProject
Global
	GlobalSection(SolutionConfigurationPlatforms) = preSolution
		Debug|Any CPU = Debug|Any CPU
		Debug|x64 = Debug|x64
		Release|Any CPU = Release|Any CPU
		Release|x64 = Release|x64
	EndGlobalSection
	GlobalSection(ProjectConfigurationPlatforms) = postSolution
		{B1C6F3FA-712D-4AC8-8113-157DF2FD9825}.Debug|Any CPU.ActiveCfg = Debug|Any CPU
		{B1C6F3FA-712D-4AC8-8113-157DF2FD9825}.Debug|Any CPU.Build.0 = Debug|Any CPU
		{B1C6F3FA-712D-4AC8-8113-157DF2FD9825}.Debug|x64.ActiveCfg = Debug|x64
		{B1C6F3FA-712D-4AC8-8113-157DF2FD9825}.Debug|x64.Build.0 = Debug|x64
		{B1C6F3FA-712D-4AC8-8113-157DF2FD9825}.Release|Any CPU.ActiveCfg = Release|Any CPU
		{B1C6F3FA-712D-4AC8-8113-157DF2FD9825}.Release|Any CPU.Build.0 = Release|Any CPU
		{B1C6F3FA-712D-4AC8-8113-157DF2FD9825}.Release|x64.ActiveCfg = Release|x64
		{B1C6F3FA-712D-4AC8-8113-157DF2FD9825}.Release|x64.Build.0 = Release|x64
		{117F1160-81BF-42CD-B48C-E73BEC059B30}.Debug|Any CPU.ActiveCfg = Debug|Any CPU
		{117F1160-81BF-42CD-B48C-E73BEC059B30}.Debug|Any CPU.Build.0 = Debug|Any CPU
		{117F1160-81BF-42CD-B48C-E73BEC059B30}.Debug|x64.ActiveCfg = Debug|Any CPU
		{117F1160-81BF-42CD-B48C-E73BEC059B30}.Debug|x64.Build.0 = Debug|Any CPU
		{117F1160-81BF-42CD-B48C-E73BEC059B30}.Release|Any CPU.ActiveCfg = Release|Any CPU
		{117F1160-81BF-42CD-B48C-E73BEC059B30}.Release|Any CPU.Build.0 = Release|Any CPU
		{117F1160-81BF-42CD-B48C-E73BEC059B30}.Release|x64.ActiveCfg = Release|Any CPU
		{117F1160-81BF-42CD-B48C-E73BEC059B30}.Release|x64.Build.0 = Release|Any CPU
		{546D9E1E-3B53-4CFB-9BAE-F621BCAA41AF}.Debug|Any CPU.ActiveCfg = Debug|Any CPU
		{546D9E1E-3B53-4CFB-9BAE-F621BCAA41AF}.Debug|Any CPU.Build.0 = Debug|Any CPU
		{546D9E1E-3B53-4CFB-9BAE-F621BCAA41AF}.Debug|x64.ActiveCfg = Debug|Any CPU
		{546D9E1E-3B53-4CFB-9BAE-F621BCAA41AF}.Debug|x64.Build.0 = Debug|Any CPU
		{546D9E1E-3B53-4CFB-9BAE-F621BCAA41AF}.Release|Any CPU.ActiveCfg = Release|Any CPU
		{546D9E1E-3B53-4CFB-9BAE-F621BCAA41AF}.Release|Any CPU.Build.0 = Release|Any CPU
		{546D9E1E-3B53-4CFB-9BAE-F621BCAA41AF}.Release|x64.ActiveCfg = Release|Any CPU
		{546D9E1E-3B53-4CFB-9BAE-F621BCAA41AF}.Release|x64.Build.0 = Release|Any CPU
	EndGlobalSection
	GlobalSection(SolutionProperties) = preSolution
		HideSolutionNode = FALSE
	EndGlobalSection
	GlobalSection(ExtensibilityGlobals) = postSolution
		SolutionGuid = {4FD33763-C0C4-4C84-873A-5A35388DE5B4}
	EndGlobalSection
EndGlobal
